# This file may be used to create an environment using:
# $ conda create --name <env> --file <this file>
# platform: osx-arm64
@EXPLICIT
https://conda.anaconda.org/conda-forge/osx-arm64/hicolor-icon-theme-0.17-hce30654_2.tar.bz2#237b05b7eb284d7eebc3c5d93f5e4bca
https://conda.anaconda.org/conda-forge/osx-arm64/libzlib-1.3.1-h8359307_2.conda#369964e85dc26bfe78f41399b366c435
https://conda.anaconda.org/conda-forge/osx-arm64/libpng-1.6.47-h3783ad8_0.conda#3550e05e3af94a3fa9cef2694417ccdf
https://conda.anaconda.org/conda-forge/osx-arm64/freetype-2.13.3-h1d14073_0.conda#630445a505ea6e59f55714853d8c9ed0
https://conda.anaconda.org/conda-forge/osx-arm64/libexpat-2.6.4-h286801f_0.conda#38d2656dd914feb0cab8c629370768bf
https://conda.anaconda.org/conda-forge/osx-arm64/fontconfig-2.15.0-h1383a14_1.conda#7b29f48742cea5d1ccb5edd839cb5621
https://conda.anaconda.org/conda-forge/noarch/font-ttf-dejavu-sans-mono-2.37-hab24e00_0.tar.bz2#0c96522c6bdaed4b1566d11387caaf45
https://conda.anaconda.org/conda-forge/noarch/font-ttf-inconsolata-3.000-h77eed37_0.tar.bz2#34893075a5c9e55cdafac56607368fc6
https://conda.anaconda.org/conda-forge/noarch/font-ttf-source-code-pro-2.038-h77eed37_0.tar.bz2#4d59c254e01d9cde7957100457e2d5fb
https://conda.anaconda.org/conda-forge/noarch/font-ttf-ubuntu-0.83-h77eed37_3.conda#49023d73832ef61042f6a237cb2687e7
https://conda.anaconda.org/conda-forge/noarch/fonts-conda-forge-1-0.tar.bz2#f766549260d6815b0c52253f1fb1bb29
https://conda.anaconda.org/conda-forge/noarch/fonts-conda-ecosystem-1-0.tar.bz2#fee5683a3f04bd15cbd8318b096a27ab
https://conda.anaconda.org/conda-forge/osx-arm64/icu-75.1-hfee45f7_0.conda#5eb22c1d7b3fc4abb50d92d621583137
https://conda.anaconda.org/conda-forge/osx-arm64/libcxx-19.1.7-ha82da77_0.conda#5b3e1610ff8bd5443476b91d618f5b77
https://conda.anaconda.org/conda-forge/osx-arm64/libffi-3.4.2-h3422bc3_5.tar.bz2#086914b672be056eb70fd4285b6783b6
https://conda.anaconda.org/conda-forge/osx-arm64/libiconv-1.18-hfe07756_1.conda#450e6bdc0c7d986acf7b8443dce87111
https://conda.anaconda.org/conda-forge/osx-arm64/libintl-0.23.1-h493aca8_0.conda#7b8faf3b5fc52744bda99c4cd1d6438d
https://conda.anaconda.org/conda-forge/osx-arm64/bzip2-1.0.8-h99b78c6_7.conda#fc6948412dbbbe9a4c9ddbbcfe0a79ab
https://conda.anaconda.org/conda-forge/osx-arm64/pcre2-10.44-h297a79d_2.conda#147c83e5e44780c7492998acbacddf52
https://conda.anaconda.org/conda-forge/osx-arm64/libglib-2.82.2-hdff4504_1.conda#849da57c370384ce48bef2e050488882
https://conda.anaconda.org/conda-forge/osx-arm64/pixman-0.44.2-h2f9eb0b_0.conda#fa8e429fdb9e5b757281f69b8cc4330b
https://conda.anaconda.org/conda-forge/osx-arm64/cairo-1.18.4-h6a3b0d2_0.conda#38f6df8bc8c668417b904369a01ba2e2
https://conda.anaconda.org/conda-forge/osx-arm64/libjpeg-turbo-3.0.0-hb547adb_1.conda#3ff1e053dc3a2b8e36b9bfa4256a58d1
https://conda.anaconda.org/conda-forge/osx-arm64/lerc-4.0.0-h9a09cb3_0.tar.bz2#de462d5aacda3b30721b512c5da4e742
https://conda.anaconda.org/conda-forge/osx-arm64/libdeflate-1.23-hec38601_0.conda#1d8b9588be14e71df38c525767a1ac30
https://conda.anaconda.org/conda-forge/osx-arm64/liblzma-5.6.4-h39f12f2_0.conda#e3fd1f8320a100f2b210e690a57cd615
https://conda.anaconda.org/conda-forge/osx-arm64/libwebp-base-1.5.0-h2471fea_0.conda#569466afeb84f90d5bb88c11cc23d746
https://conda.anaconda.org/conda-forge/osx-arm64/zstd-1.5.7-h6491c7d_1.conda#66e5c4b02aa97230459efdd4f64c8ce6
https://conda.anaconda.org/conda-forge/osx-arm64/libtiff-4.7.0-h551f018_3.conda#a5d084a957563e614ec0c0196d890654
https://conda.anaconda.org/conda-forge/osx-arm64/gdk-pixbuf-2.42.12-h7ddc832_0.conda#151309a7e1eb57a3c2ab8088a1d74f3e
https://conda.anaconda.org/conda-forge/osx-arm64/libxml2-2.13.6-h178c5d8_0.conda#277864577d514bea4b30f8a9335b8d26
https://conda.anaconda.org/conda-forge/osx-arm64/fribidi-1.0.10-h27ca646_0.tar.bz2#c64443234ff91d70cb9c7dc926c58834
https://conda.anaconda.org/conda-forge/osx-arm64/graphite2-1.3.13-hebf3989_1003.conda#339991336eeddb70076d8ca826dac625
https://conda.anaconda.org/conda-forge/osx-arm64/harfbuzz-10.4.0-hb72c1af_0.conda#c13f50a1000cc3adadb2d93c76dcedab
https://conda.anaconda.org/conda-forge/osx-arm64/pango-1.56.3-h73f1e88_0.conda#aef5caa7ce0af969bfab789900982918
https://conda.anaconda.org/conda-forge/osx-arm64/librsvg-2.58.4-h266df6f_2.conda#82c31ce77bac095b5700b1fdaad9a628
https://conda.anaconda.org/conda-forge/noarch/adwaita-icon-theme-48.0-unix_0.conda#11539f9e49efaa281da735ded100b152
https://conda.anaconda.org/conda-forge/osx-arm64/libsqlite-3.49.1-h3f77e49_2.conda#3b1e330d775170ac46dff9a94c253bd0
https://conda.anaconda.org/conda-forge/osx-arm64/ncurses-6.5-h5e97a16_3.conda#068d497125e4bf8a66bf707254fff5ae
https://conda.anaconda.org/conda-forge/osx-arm64/ca-certificates-2025.1.31-hf0a4a13_0.conda#3569d6a9141adc64d2fe4797f3289e06
https://conda.anaconda.org/conda-forge/osx-arm64/openssl-3.4.1-h81ee809_0.conda#75f9f0c7b1740017e2db83a53ab9a28e
https://conda.anaconda.org/conda-forge/osx-arm64/readline-8.2-h1d1bf99_2.conda#63ef3f6e6d6d5c589e64f11263dc5676
https://conda.anaconda.org/conda-forge/osx-arm64/tk-8.6.13-h5083fa2_1.conda#b50a57ba89c32b62428b71a875291c9b
https://conda.anaconda.org/conda-forge/noarch/tzdata-2025a-h78e105d_0.conda#dbcace4706afdfb7eb891f7b37d07c04
https://conda.anaconda.org/conda-forge/osx-arm64/python-3.12.9-hc22306f_1_cpython.conda#d9fac7b334ff6e5f93abd27509a53060
https://conda.anaconda.org/conda-forge/noarch/aiohappyeyeballs-2.6.1-pyhd8ed1ab_0.conda#18fd895e0e775622906cdabfc3cf0fb4
https://conda.anaconda.org/conda-forge/osx-arm64/python_abi-3.12-5_cp312.conda#b76f9b1c862128e56ac7aa8cd2333de9
https://conda.anaconda.org/conda-forge/osx-arm64/frozenlist-1.5.0-py312h998013c_1.conda#5eb3715c7e3fa9b533361375bfefe6ee
https://conda.anaconda.org/conda-forge/noarch/aiosignal-1.3.2-pyhd8ed1ab_0.conda#1a3981115a398535dbe3f6d5faae3d36
https://conda.anaconda.org/conda-forge/noarch/attrs-25.3.0-pyh71513ae_0.conda#a10d11958cadc13fdb43df75f8b1903f
https://conda.anaconda.org/conda-forge/osx-arm64/multidict-6.2.0-py312hdb8e49c_0.conda#1d1bbdbb61c436e00e5f7f8de1de6b34
https://conda.anaconda.org/conda-forge/osx-arm64/propcache-0.2.1-py312h998013c_1.conda#83678928c58c9ae76778a435b6c7a94a
https://conda.anaconda.org/conda-forge/noarch/idna-3.10-pyhd8ed1ab_1.conda#39a4f67be3286c86d696df570b1201b7
https://conda.anaconda.org/conda-forge/osx-arm64/yarl-1.18.3-py312h998013c_1.conda#092d3b40acc67c470f379049be343a7a
https://conda.anaconda.org/conda-forge/osx-arm64/aiohttp-3.11.14-py312h998013c_0.conda#2c0a2a844af284145ff2b8bd90e1fe19
https://conda.anaconda.org/conda-forge/noarch/typing_extensions-4.12.2-pyha770c72_1.conda#d17f13df8b65464ca316cbc000a3cb64
https://conda.anaconda.org/conda-forge/noarch/aioitertools-0.12.0-pyhd8ed1ab_1.conda#3eb47adbffac44483f59e580f8600a1e
https://conda.anaconda.org/conda-forge/noarch/jmespath-1.0.1-pyhd8ed1ab_1.conda#972bdca8f30147135f951847b30399ea
https://conda.anaconda.org/conda-forge/noarch/six-1.17.0-pyhd8ed1ab_0.conda#a451d576819089b0d672f18768be0f65
https://conda.anaconda.org/conda-forge/noarch/python-dateutil-2.9.0.post0-pyhff2d567_1.conda#5ba79d7c71f03c678c8ead841f347d6e
https://conda.anaconda.org/conda-forge/osx-arm64/brotli-python-1.1.0-py312hde4cb15_2.conda#a83c2ef76ccb11bc2349f4f17696b15d
https://conda.anaconda.org/conda-forge/noarch/hpack-4.1.0-pyhd8ed1ab_0.conda#0a802cb9888dd14eeefc611f05c40b6e
https://conda.anaconda.org/conda-forge/noarch/hyperframe-6.1.0-pyhd8ed1ab_0.conda#8e6923fc12f1fe8f8c4e5c9f343256ac
https://conda.anaconda.org/conda-forge/noarch/h2-4.2.0-pyhd8ed1ab_0.conda#b4754fb1bdcb70c8fd54f918301582c6
https://conda.anaconda.org/conda-forge/noarch/pysocks-1.7.1-pyha55dd90_7.conda#461219d1a5bd61342293efa2c0c90eac
https://conda.anaconda.org/conda-forge/noarch/pycparser-2.22-pyh29332c3_1.conda#12c566707c80111f9799308d9e265aef
https://conda.anaconda.org/conda-forge/osx-arm64/cffi-1.17.1-py312h0fad829_0.conda#19a5456f72f505881ba493979777b24e
https://conda.anaconda.org/conda-forge/osx-arm64/zstandard-0.23.0-py312hea69d52_1.conda#b0af1b749dbf9621fbea742c2de68ff8
https://conda.anaconda.org/conda-forge/noarch/urllib3-2.3.0-pyhd8ed1ab_0.conda#32674f8dbfb7b26410ed580dd3c10a29
https://conda.anaconda.org/conda-forge/noarch/botocore-1.37.1-pyge310_1234567_0.conda#8c3c37279f889ee8507d43ab70558b6a
https://conda.anaconda.org/conda-forge/osx-arm64/wrapt-1.17.2-py312hea69d52_0.conda#e49608c832fcf438f70cbcae09c3adc5
https://conda.anaconda.org/conda-forge/noarch/aiobotocore-2.21.1-pyhd8ed1ab_0.conda#843cfdc4c1222b19d6fd18c4a51c660e
https://conda.anaconda.org/conda-forge/noarch/aiohttp-retry-2.8.3-pyhd8ed1ab_0.tar.bz2#63075586964c3e0d53e1a8d804d89090
https://conda.anaconda.org/conda-forge/noarch/typing-extensions-4.12.2-hd8ed1ab_1.conda#b6a408c64b78ec7b779a3e5c7a902433
https://conda.anaconda.org/conda-forge/noarch/aiosqlite-0.20.0-pyhaa4b35c_1.conda#f4dcae514c7e1f1e70299d3e4ab57c8c
https://conda.anaconda.org/conda-forge/noarch/zipp-3.21.0-pyhd8ed1ab_1.conda#0c3cc595284c5e8f0f9900a9b228a332
https://conda.anaconda.org/conda-forge/noarch/importlib-metadata-6.10.0-pyha770c72_0.conda#ae2ad334f34040e147cc5824b450463b
https://conda.anaconda.org/conda-forge/osx-arm64/markupsafe-3.0.2-py312h998013c_1.conda#46e547061080fddf9cf95a0327e8aba6
https://conda.anaconda.org/conda-forge/noarch/mako-1.3.9-pyhd8ed1ab_0.conda#422113c902cc5181ccaafbb4b827e492
https://conda.anaconda.org/conda-forge/osx-arm64/greenlet-3.1.1-py312hd8f9ff3_1.conda#a86b17a70c836a899dc5b3098594d343
https://conda.anaconda.org/conda-forge/osx-arm64/sqlalchemy-2.0.35-py312h024a12e_0.conda#50907ebfc9b8e8dc24ed6d6cf6d0da6e
https://conda.anaconda.org/conda-forge/noarch/alembic-1.15.1-pyhd8ed1ab_0.conda#3b03a8229e613009c7832cb8e4d79cd9
https://conda.anaconda.org/conda-forge/noarch/vine-5.1.0-pyhd8ed1ab_1.conda#e827a22b019357c90c58d6b7c7c4eb7c
https://conda.anaconda.org/conda-forge/noarch/amqp-5.2.0-pyhd8ed1ab_2.conda#68904dfa549e9decccfa8d47eae9a932
https://conda.anaconda.org/conda-forge/noarch/annotated-types-0.7.0-pyhd8ed1ab_1.conda#2934f256a8acfe48f6ebb4fce6cde29c
https://conda.anaconda.org/conda-forge/noarch/antlr-python-runtime-4.9.3-pyhd8ed1ab_1.tar.bz2#c88eaec8de9ae1fa161205aa18e7a5b1
https://conda.anaconda.org/conda-forge/noarch/exceptiongroup-1.2.2-pyhd8ed1ab_1.conda#a16662747cdeb9abbac74d0057cc976e
https://conda.anaconda.org/conda-forge/noarch/sniffio-1.3.1-pyhd8ed1ab_1.conda#bf7a226e58dfb8346c70df36065d86c9
https://conda.anaconda.org/conda-forge/noarch/anyio-4.6.0-pyhd8ed1ab_1.conda#bc13891a047f50728b03595531f7f92e
https://conda.anaconda.org/conda-forge/noarch/appdirs-1.4.4-pyhd8ed1ab_1.conda#f4e90937bbfc3a4a92539545a37bb448
https://conda.anaconda.org/conda-forge/noarch/certifi-2025.1.31-pyhd8ed1ab_0.conda#c207fa5ac7ea99b149344385a9c0880d
https://conda.anaconda.org/conda-forge/noarch/click-8.1.8-pyh707e725_0.conda#f22f4d4970e09d68a10b922cbb0408d3
https://conda.anaconda.org/conda-forge/noarch/markdown-3.6-pyhd8ed1ab_0.conda#06e9bebf748a0dea03ecbe1f0e27e909
https://conda.anaconda.org/conda-forge/osx-arm64/yaml-0.2.5-h3422bc3_2.tar.bz2#4bb3f014845110883a3c5ee811fd84b4
https://conda.anaconda.org/conda-forge/osx-arm64/pyyaml-6.0.2-py312h998013c_2.conda#68149ed4d4e9e1c42d2ba1f27f08ca96
https://conda.anaconda.org/conda-forge/noarch/charset-normalizer-3.4.1-pyhd8ed1ab_0.conda#e83a31202d1c0a000fce3e9cf3825875
https://conda.anaconda.org/conda-forge/noarch/requests-2.32.3-pyhd8ed1ab_1.conda#a9b9368f3701a417eac9edbcae7cb737
https://conda.anaconda.org/conda-forge/noarch/blinker-1.9.0-pyhff2d567_0.conda#42834439227a4551b939beeeb8a4b085
https://conda.anaconda.org/conda-forge/osx-arm64/cryptography-44.0.2-py312hf9bd80e_0.conda#eee2ab52656d35a574711457f246f667
https://conda.anaconda.org/conda-forge/noarch/pyjwt-2.10.1-pyhd8ed1ab_0.conda#84c5c40ea7c5bbc6243556e5daed20e7
https://conda.anaconda.org/conda-forge/noarch/oauthlib-3.2.2-pyhd8ed1ab_1.conda#bf5f2c90d503d43a8c45cedf766b4b8e
https://conda.anaconda.org/conda-forge/noarch/requests-oauthlib-2.0.0-pyhd8ed1ab_1.conda#a283b764d8b155f81e904675ef5e1f4b
https://conda.anaconda.org/conda-forge/noarch/apprise-1.9.2-pyhd8ed1ab_0.conda#8452998f2cb3c6b7ffd8afd0d709f1e8
https://conda.anaconda.org/conda-forge/noarch/async-exit-stack-1.0.1-pyhd8ed1ab_1.conda#f9cba419109aa1903871e08f1d8b74ee
https://conda.anaconda.org/conda-forge/noarch/asgi-lifespan-2.1.0-pyhd8ed1ab_1.conda#fcc81bc91baba7c858406963e720196d
https://conda.anaconda.org/conda-forge/osx-arm64/astroid-3.3.9-py312h81bd7bf_0.conda#9407dd287dedc68b9331cdd1f07955e8
https://conda.anaconda.org/conda-forge/noarch/async-timeout-5.0.1-pyhd8ed1ab_1.conda#5d842988b11a8c3ab57fb70840c83d24
https://conda.anaconda.org/conda-forge/osx-arm64/asyncpg-0.29.0-py312h024a12e_1.conda#2398774c5b6969eb1cb4165ced110795
https://conda.anaconda.org/conda-forge/noarch/pyopenssl-25.0.0-pyhd8ed1ab_0.conda#195fbabc5cc805f2cc10cb881a19cf8b
https://conda.anaconda.org/conda-forge/noarch/decorator-5.2.1-pyhd8ed1ab_0.conda#9ce473d1d1be1cc3810856a48b3fab32
https://conda.anaconda.org/conda-forge/osx-arm64/libedit-3.1.20250104-pl5321hafb1f1b_0.conda#44083d2d2c2025afca315c7a172eab2b
https://conda.anaconda.org/conda-forge/osx-arm64/krb5-1.21.3-h237132a_0.conda#c6dc8a0fdec13a0565936655c33069a1
https://conda.anaconda.org/conda-forge/osx-arm64/python-gssapi-1.9.0-py312h97903a5_1.conda#9022115ac91fe82014621d21df8467de
https://conda.anaconda.org/conda-forge/noarch/asyncssh-2.20.0-pyhd8ed1ab_0.conda#8090f162d441f7abe1a2f519d8658687
https://conda.anaconda.org/conda-forge/osx-arm64/atk-1.0-2.38.0-hd03087b_2.conda#57301986d02d30d6805fdce6c99074ee
https://conda.anaconda.org/conda-forge/noarch/atpublic-5.1-pyhd8ed1ab_0.conda#fcce29340c3bc2849218659da29369a6
https://conda.anaconda.org/conda-forge/osx-arm64/aws-c-common-0.12.0-h5505292_0.conda#3889562c31b3a8bb38122edbc72a1f38
https://conda.anaconda.org/conda-forge/osx-arm64/aws-c-cal-0.8.7-h8f38403_0.conda#47d04b28f334f56c6ec8655ce54069b7
https://conda.anaconda.org/conda-forge/osx-arm64/aws-c-compression-0.3.1-hd84a0f8_2.conda#31ffcebe13d018d49bff2b5607666fd7
https://conda.anaconda.org/conda-forge/osx-arm64/aws-c-io-0.17.0-ha705ebb_6.conda#1567e388e63dd0fe5418045380f69f26
https://conda.anaconda.org/conda-forge/osx-arm64/aws-c-http-0.9.4-hedcc1e3_4.conda#99852aaf483001b174f251c7052f92e9
https://conda.anaconda.org/conda-forge/osx-arm64/aws-c-sdkutils-0.2.3-hd84a0f8_2.conda#e5e1ca9d65acd0ec7a2917c88f99325f
https://conda.anaconda.org/conda-forge/osx-arm64/aws-c-auth-0.8.6-h660070d_4.conda#53121e315ec35a689a761646d761af14
https://conda.anaconda.org/conda-forge/osx-arm64/aws-checksums-0.2.3-hd84a0f8_2.conda#b3fc57eda4085649a3f9d80664f3e14d
https://conda.anaconda.org/conda-forge/osx-arm64/aws-c-event-stream-0.5.4-h3c33643_2.conda#0117e1dbf8de18d6caae49a5df075d0f
https://conda.anaconda.org/conda-forge/osx-arm64/aws-c-mqtt-0.12.2-h82c6c6a_2.conda#1545c6b828a1c4a6eb720e10368a6734
https://conda.anaconda.org/conda-forge/osx-arm64/aws-c-s3-0.7.13-hb857f95_2.conda#2aeb64dc221ddd7ab1e13dddc22e94f2
https://conda.anaconda.org/conda-forge/osx-arm64/aws-crt-cpp-0.31.0-h7378f02_4.conda#1f8955a9e1a8ac37938143e0d298d54e
https://conda.anaconda.org/conda-forge/osx-arm64/c-ares-1.34.4-h5505292_0.conda#c1c999a38a4303b29d75c636eaa13cf9
https://conda.anaconda.org/conda-forge/osx-arm64/libev-4.33-h93a5062_2.conda#36d33e440c31857372a72137f78bacf5
https://conda.anaconda.org/conda-forge/osx-arm64/libnghttp2-1.64.0-h6d7220d_0.conda#3408c02539cee5f1141f9f11450b6a51
https://conda.anaconda.org/conda-forge/osx-arm64/libssh2-1.11.1-h9cc3647_0.conda#ddc7194676c285513706e5fc64f214d7
https://conda.anaconda.org/conda-forge/osx-arm64/libcurl-8.12.1-h73640d1_0.conda#105f0cceef753644912f42e11c1ae9cf
https://conda.anaconda.org/conda-forge/osx-arm64/aws-sdk-cpp-1.11.510-hf067f9e_3.conda#01d5e5a0269c8f0dfe3b31e0353de4f3
https://conda.anaconda.org/conda-forge/osx-arm64/azure-core-cpp-1.14.0-hd50102c_0.conda#f093a11dcf3cdcca010b20a818fcc6dc
https://conda.anaconda.org/conda-forge/osx-arm64/azure-identity-cpp-1.10.0-hc602bab_0.conda#d7b71593a937459f2d4b67e1a4727dc2
https://conda.anaconda.org/conda-forge/osx-arm64/azure-storage-common-cpp-12.8.0-h9ca1f76_1.conda#7a187cd7b1445afc80253bb186a607cc
https://conda.anaconda.org/conda-forge/osx-arm64/azure-storage-blobs-cpp-12.13.0-h7585a09_1.conda#704238ef05d46144dae2e6b5853df8bc
https://conda.anaconda.org/conda-forge/osx-arm64/azure-storage-files-datalake-cpp-12.12.0-hcdd55da_1.conda#c49fbc5233fcbaa86391162ff1adef38
https://conda.anaconda.org/conda-forge/osx-arm64/backports.zoneinfo-0.2.1-py312h81bd7bf_9.conda#3abb8976d50efba9d3fa61f50018fc36
https://conda.anaconda.org/conda-forge/osx-arm64/bcrypt-4.3.0-py312hcd83bfe_0.conda#346513ef778843401b775b184e68ea9b
https://conda.anaconda.org/conda-forge/osx-arm64/billiard-4.2.1-py312h024a12e_0.conda#445e72353965c1bd1d8318e1f68bff66
https://conda.anaconda.org/conda-forge/noarch/webencodings-0.5.1-pyhd8ed1ab_3.conda#2841eb5bfc75ce15e9a0054b98dcd64d
https://conda.anaconda.org/conda-forge/noarch/bleach-6.2.0-pyh29332c3_4.conda#f0b4c8e370446ef89797608d60a564b3
https://conda.anaconda.org/conda-forge/noarch/s3transfer-0.11.3-pyhd8ed1ab_0.conda#2d1d519bcf3031d5d809411d1aa9f838
https://conda.anaconda.org/conda-forge/noarch/boto3-1.37.1-pyhd8ed1ab_0.conda#eb2c073da600ba16cd6a4714c5c73966
https://conda.anaconda.org/conda-forge/osx-arm64/libbrotlicommon-1.1.0-hd74edd7_2.conda#d0bf1dff146b799b319ea0434b93f779
https://conda.anaconda.org/conda-forge/osx-arm64/libbrotlidec-1.1.0-hd74edd7_2.conda#55e66e68ce55523a6811633dd1ac74e2
https://conda.anaconda.org/conda-forge/osx-arm64/libbrotlienc-1.1.0-hd74edd7_2.conda#4f3a434504c67b2c42565c0b85c1885c
https://conda.anaconda.org/conda-forge/osx-arm64/brotli-bin-1.1.0-hd74edd7_2.conda#b8512db2145dc3ae8d86cdc21a8d421e
https://conda.anaconda.org/conda-forge/osx-arm64/brotli-1.1.0-hd74edd7_2.conda#215e3dc8f2f837906d066e7f01aa77c0
https://conda.anaconda.org/conda-forge/noarch/cachetools-5.5.2-pyhd8ed1ab_0.conda#bf9c1698e819fab31f67dbab4256f7ba
https://conda.anaconda.org/conda-forge/noarch/cattrs-24.1.2-pyhd8ed1ab_1.conda#53eca64665361194ca4bbaf87c0ded99
https://conda.anaconda.org/conda-forge/noarch/click-didyoumean-0.3.1-pyhd8ed1ab_1.conda#dd87c399586cac9f8bdd8c644b2592a6
https://conda.anaconda.org/conda-forge/noarch/click-plugins-1.1.1-pyhd8ed1ab_1.conda#82bea35e4dac4678ba623cf10e95e375
https://conda.anaconda.org/conda-forge/noarch/wcwidth-0.2.13-pyhd8ed1ab_1.conda#b68980f2495d096e71c7fd9d7ccf63e6
https://conda.anaconda.org/conda-forge/noarch/prompt-toolkit-3.0.50-pyha770c72_0.conda#7d823138f550b14ecae927a5ff3286de
https://conda.anaconda.org/conda-forge/noarch/prompt_toolkit-3.0.50-hd8ed1ab_0.conda#b5114235809f754b9bff0d14d3d712bc
https://conda.anaconda.org/conda-forge/noarch/click-repl-0.3.0-pyhd8ed1ab_0.conda#27eb8f68250666c1a19d1b6ec9d12c4e
https://conda.anaconda.org/conda-forge/osx-arm64/kombu-5.4.1-py312h81bd7bf_0.conda#984d2004f31e4e097a802d1fb2cd87e4
https://conda.anaconda.org/conda-forge/noarch/python-tzdata-2025.1-pyhd8ed1ab_0.conda#392c91c42edd569a7ec99ed8648f597a
https://conda.anaconda.org/conda-forge/noarch/celery-5.4.0-pyhd8ed1ab_2.conda#75f52fbca71b701602ed237942e5cb4d
https://conda.anaconda.org/conda-forge/noarch/cloudpickle-3.1.1-pyhd8ed1ab_0.conda#364ba6c9fb03886ac979b482f39ebb92
https://conda.anaconda.org/conda-forge/noarch/colorama-0.4.6-pyhd8ed1ab_1.conda#962b9857ee8e7018c22f2776ffa0b2d7
https://conda.anaconda.org/conda-forge/osx-arm64/colorlog-6.8.2-py312h81bd7bf_1.conda#c0b0e2d35552ab752456950acf945e84
https://conda.anaconda.org/conda-forge/noarch/configobj-5.0.9-pyhd8ed1ab_1.conda#5e1999cd1872c9d7f7d56bf3bf1141fa
https://conda.anaconda.org/conda-forge/osx-arm64/llvm-openmp-19.1.7-hdb05f8b_0.conda#c4d54bfd3817313ce758aa76283b118d
https://conda.anaconda.org/conda-forge/osx-arm64/libgfortran5-13.3.0-h90ca347_0.conda#562766651b810784ac40ebf2a0ddf22c
https://conda.anaconda.org/conda-forge/osx-arm64/libgfortran-5.0.0-13_3_0_h90ca347_0.conda#3eb748379825b5d4f151b0035ae142fa
https://conda.anaconda.org/conda-forge/osx-arm64/libopenblas-0.3.29-openmp_hf332438_0.conda#0cd1148c68f09027ee0b0f0179f77c30
https://conda.anaconda.org/conda-forge/osx-arm64/libblas-3.9.0-31_h10e41b3_openblas.conda#39b053da5e7035c6592102280aa7612a
https://conda.anaconda.org/conda-forge/osx-arm64/libcblas-3.9.0-31_hb3479ef_openblas.conda#7353c2bf0e90834cb70545671996d871
https://conda.anaconda.org/conda-forge/osx-arm64/liblapack-3.9.0-31_hc9a63f6_openblas.conda#ff57a55a2cbce171ef5707fb463caf19
https://conda.anaconda.org/conda-forge/osx-arm64/numpy-2.2.4-py312h7c1f314_0.conda#001a57e8f4cc0c12841d341b94ef8787
https://conda.anaconda.org/conda-forge/osx-arm64/contourpy-1.3.1-py312hb23fbb9_0.conda#f4408290387836e05ac267cd7ec80c5c
https://conda.anaconda.org/conda-forge/noarch/coolname-2.2.0-pyhd8ed1ab_0.conda#25aac2e9aa64518428dcd7b4aa872808
https://conda.anaconda.org/conda-forge/noarch/pytz-2023.4-pyhd8ed1ab_0.conda#89445e229eb2d6605be88e0908afc912
https://conda.anaconda.org/conda-forge/noarch/croniter-5.0.1-pyhd8ed1ab_1.conda#80fd10a21bac616a87085d6df877ddf3
https://conda.anaconda.org/conda-forge/noarch/cycler-0.12.1-pyhd8ed1ab_1.conda#44600c4667a319d67dbe0681fc0bc833
https://conda.anaconda.org/conda-forge/noarch/pyasn1-0.6.1-pyhd8ed1ab_2.conda#09bb17ed307ad6ab2fd78d32372fdd4e
https://conda.anaconda.org/conda-forge/noarch/pyasn1-modules-0.4.1-pyhd8ed1ab_1.conda#1c6476fdb96e6c3db6c3f7693cdba78e
https://conda.anaconda.org/conda-forge/noarch/pyu2f-0.1.5-pyhd8ed1ab_1.conda#644bd4ca9f68ef536b902685d773d697
https://conda.anaconda.org/conda-forge/noarch/rsa-4.9-pyhd8ed1ab_1.conda#91def14612d11100329d53a75993a4d5
https://conda.anaconda.org/conda-forge/noarch/google-auth-2.38.0-pyhd8ed1ab_0.conda#c48abda87ffa7a0cc9f819cb8a384a9a
https://conda.anaconda.org/conda-forge/noarch/databricks-sdk-0.46.0-pyhd8ed1ab_0.conda#499ac4919d0a5eac4038570397450e8a
https://conda.anaconda.org/conda-forge/osx-arm64/regex-2024.11.6-py312hea69d52_0.conda#e73cda1f18846b608284bd784f061eac
https://conda.anaconda.org/conda-forge/osx-arm64/tzlocal-5.3-py312h81bd7bf_0.conda#698106d1f12864aa48b218159a2cee0c
https://conda.anaconda.org/conda-forge/noarch/dateparser-1.2.0-pyhd8ed1ab_1.conda#f008b2bd3dd6fa89d6beb5ad1d421d97
https://conda.anaconda.org/conda-forge/noarch/deprecated-1.2.18-pyhd8ed1ab_0.conda#0cef44b1754ae4d6924ac0eef6b9fdbe
https://conda.anaconda.org/conda-forge/noarch/dictdiffer-0.9.0-pyhd8ed1ab_1.conda#8d359bb270ce5473cde1e10bc4e92b46
https://conda.anaconda.org/conda-forge/noarch/dill-0.3.9-pyhd8ed1ab_1.conda#5e11310fca410e9f31381157079dee55
https://conda.anaconda.org/conda-forge/noarch/diskcache-5.6.3-pyhd8ed1ab_1.conda#1c33d47dcfb2f90c80c6d2213f9d65d7
https://conda.anaconda.org/conda-forge/noarch/distro-1.9.0-pyhd8ed1ab_1.conda#0a2014fd9860f8b1eaa0b1f3d3771a08
https://conda.anaconda.org/conda-forge/osx-arm64/libsodium-1.0.20-h99b78c6_0.conda#a7ce36e284c5faaf93c220dfc39e3abd
https://conda.anaconda.org/conda-forge/osx-arm64/pynacl-1.5.0-py312h024a12e_4.conda#7febc246a29d77449bdb3e7a18382788
https://conda.anaconda.org/conda-forge/noarch/paramiko-3.5.1-pyhd8ed1ab_0.conda#4e6bea7eee94bb9d8a599385215719f9
https://conda.anaconda.org/conda-forge/noarch/pywin32-on-windows-0.1.0-pyh1179c8e_3.tar.bz2#2807a0becd1d986fe1ef9b7f8135f215
https://conda.anaconda.org/conda-forge/noarch/websocket-client-1.8.0-pyhd8ed1ab_1.conda#84f8f77f0a9c6ef401ee96611745da8f
https://conda.anaconda.org/conda-forge/noarch/docker-py-7.1.0-pyhd8ed1ab_1.conda#07ce73ca6f6c1a1df5d498679fc52d9e
https://conda.anaconda.org/conda-forge/noarch/dpath-2.2.0-pyha770c72_0.conda#b2681af65644be41a18d4b00b67938f1
https://conda.anaconda.org/conda-forge/noarch/setuptools-75.8.2-pyhff2d567_0.conda#9bddfdbf4e061821a1a443f93223be61
https://conda.anaconda.org/conda-forge/osx-arm64/dulwich-0.22.8-py312hcd83bfe_0.conda#12c2bcb9b9fc8f37c99a55c7f5367d75
https://conda.anaconda.org/conda-forge/noarch/durationpy-0.9-pyhd8ed1ab_1.conda#f7e6b04ecc949a19de49cbcd3f14addf
https://conda.anaconda.org/conda-forge/noarch/fsspec-2025.3.0-pyhd8ed1ab_0.conda#5ecafd654e33d1f2ecac5ec97057593b
https://conda.anaconda.org/conda-forge/noarch/funcy-2.0-pyhd8ed1ab_1.conda#84f8955e99a8944fdee49da39edb0add
https://conda.anaconda.org/conda-forge/noarch/dvc-objects-5.1.0-pyhd8ed1ab_2.conda#bfd54c4878570b5d0299c387e67e3423
https://conda.anaconda.org/conda-forge/osx-arm64/orjson-3.10.15-py312hcd83bfe_0.conda#f64b699ed3eefbd9f05e2f16e74d4e56
https://conda.anaconda.org/conda-forge/noarch/pygtrie-2.5.0-pyhd8ed1ab_1.conda#ffa9a72b339edc8856c3fc17e8d74128
https://conda.anaconda.org/conda-forge/noarch/sqltrie-0.11.2-pyhd8ed1ab_0.conda#3b2dc1e08cda9b392792f859fbbc293d
https://conda.anaconda.org/conda-forge/noarch/tqdm-4.67.1-pyhd8ed1ab_1.conda#9efbfdc37242619130ea42b1cc4ed861
https://conda.anaconda.org/conda-forge/noarch/dvc-data-3.16.9-pyhd8ed1ab_0.conda#73dc4a1893711653e4deea8625771526
https://conda.anaconda.org/conda-forge/noarch/dvc-http-2.32.0-pyhd8ed1ab_1.conda#25e43a17dd2fcec0d4c63b42e2d2bb6e
https://conda.anaconda.org/conda-forge/osx-arm64/pathlib2-2.3.7.post1-py312h81bd7bf_4.conda#c60bbadeebb6d0abaf76300f8cb51609
https://conda.anaconda.org/conda-forge/noarch/flatten-dict-0.4.2-pyhd8ed1ab_1.tar.bz2#ccfb30b92adfeb283d4dcae3d0b6441b
https://conda.anaconda.org/conda-forge/noarch/tabulate-0.9.0-pyhd8ed1ab_2.conda#959484a66b4b76befcddc4fa97c95567
https://conda.anaconda.org/conda-forge/noarch/dvc-render-1.0.2-pyhd8ed1ab_1.conda#f5bf5501103cf8ab787ac6fb6bf91f8c
https://conda.anaconda.org/conda-forge/noarch/voluptuous-0.15.2-pyhd8ed1ab_2.conda#9e0e9745b7187ae689b6f64d2952f350
https://conda.anaconda.org/conda-forge/noarch/dvc-studio-client-0.21.0-pyhd8ed1ab_1.conda#d975812307869e4129489c65a4d7b8a8
https://conda.anaconda.org/conda-forge/noarch/shortuuid-1.0.13-pyhd8ed1ab_1.conda#9cbf6fc5548c1c07a2491afd6de0f073
https://conda.anaconda.org/conda-forge/noarch/dvc-task-0.40.2-pyhd8ed1ab_1.conda#9561308401b945f361114ea5a9056d97
https://conda.anaconda.org/conda-forge/osx-arm64/psutil-5.9.8-py312he37b823_0.conda#cd6e99b9c5a623735161973b5f693a86
https://conda.anaconda.org/conda-forge/noarch/flufl.lock-8.1.0-pyhd8ed1ab_0.conda#07ce648c0a70958654b10f9091e6e5ed
https://conda.anaconda.org/conda-forge/noarch/future-1.0.0-pyhd8ed1ab_2.conda#1054c53c95d85e35b88143a3eda66373
https://conda.anaconda.org/conda-forge/noarch/pyparsing-3.2.1-pyhd8ed1ab_0.conda#285e237b8f351e85e7574a2c7bfa6d46
https://conda.anaconda.org/conda-forge/noarch/grandalf-0.7-pyhd8ed1ab_1.conda#cf88b1a51b701f9d1a90d0cca0bfd568
https://conda.anaconda.org/conda-forge/noarch/entrypoints-0.4-pyhd8ed1ab_1.conda#3366592d3c219f2731721f11bc93755c
https://conda.anaconda.org/conda-forge/osx-arm64/pydantic-core-2.27.2-py312hcd83bfe_0.conda#dcb307e02f17d38c6e1cbfbf8c602852
https://conda.anaconda.org/conda-forge/noarch/pydantic-2.10.6-pyh3cfb1c2_0.conda#c69f87041cf24dfc8cb6bf64ca7133c7
https://conda.anaconda.org/conda-forge/noarch/mdurl-0.1.2-pyhd8ed1ab_1.conda#592132998493b3ff25fd7479396e8351
https://conda.anaconda.org/conda-forge/noarch/markdown-it-py-3.0.0-pyhd8ed1ab_1.conda#fee3164ac23dfca50cfcc8b85ddefb81
https://conda.anaconda.org/conda-forge/noarch/pygments-2.19.1-pyhd8ed1ab_0.conda#232fb4577b6687b2d503ef8e254270c9
https://conda.anaconda.org/conda-forge/noarch/rich-13.9.4-pyhd8ed1ab_1.conda#7aed65d4ff222bfb7335997aa40b7da5
https://conda.anaconda.org/conda-forge/osx-arm64/ruamel.yaml.clib-0.2.8-py312h0bf5046_1.conda#2ed5f254c9ea57b6d0fd4e12baa4b87f
https://conda.anaconda.org/conda-forge/osx-arm64/ruamel.yaml-0.17.40-py312he37b823_0.conda#e8a467ffaa97f0604ad8aced43b731bf
https://conda.anaconda.org/conda-forge/noarch/smmap-5.0.2-pyhd8ed1ab_0.conda#87f47a78808baf2fa1ea9c315a1e48f1
https://conda.anaconda.org/conda-forge/noarch/gitdb-4.0.12-pyhd8ed1ab_0.conda#7c14f3706e099f8fcd47af2d494616cc
https://conda.anaconda.org/conda-forge/noarch/gitpython-3.1.44-pyhff2d567_0.conda#140a4e944f7488467872e562a2a52789
https://conda.anaconda.org/conda-forge/noarch/pathspec-0.12.1-pyhd8ed1ab_1.conda#617f15191456cc6a13db418a275435e5
https://conda.anaconda.org/conda-forge/osx-arm64/libgit2-1.9.0-h211146d_0.conda#8b48c3c783ce259513ddbf7576c1c52a
https://conda.anaconda.org/conda-forge/osx-arm64/pygit2-1.17.0-py312hd525726_0.conda#99730f46f63a66b8f40ec2948a232abb
https://conda.anaconda.org/conda-forge/noarch/scmrepo-3.3.10-pyhd8ed1ab_0.conda#36aec239718131d3af8bee1759053096
https://conda.anaconda.org/conda-forge/noarch/semver-3.0.4-pyhd8ed1ab_0.conda#982aa48accc06494cbd2b51af69e17c7
https://conda.anaconda.org/conda-forge/noarch/shellingham-1.5.4-pyhd8ed1ab_1.conda#7c3c2a0f3ebdea2bbc35538d162b43bf
https://conda.anaconda.org/conda-forge/noarch/typer-slim-0.15.2-pyh29332c3_0.conda#7c8d9609e2cfe08dd7672e10fe7e7de9
https://conda.anaconda.org/conda-forge/noarch/typer-slim-standard-0.15.2-h801b22e_0.conda#ea164fc4e03f61f7ff3c1166001969af
https://conda.anaconda.org/conda-forge/noarch/typer-0.15.2-pyhff008b6_0.conda#1152565b06e3dc27794c3c11f1050005
https://conda.anaconda.org/conda-forge/noarch/gto-1.7.2-pyhd8ed1ab_1.conda#0eea0965fae7aad080d9af82a4a2bcfb
https://conda.anaconda.org/conda-forge/noarch/omegaconf-2.3.0-pyhd8ed1ab_0.conda#23cc056834cab53849b91f78d6ee3ea0
https://conda.anaconda.org/conda-forge/noarch/packaging-24.2-pyhd8ed1ab_2.conda#3bfed7e6228ebf2f7b9eaa47f1b4e2aa
https://conda.anaconda.org/conda-forge/noarch/hydra-core-1.3.2-pyhd8ed1ab_1.conda#a189dd36bcaaf4c7647deb2dcb4e1b05
https://conda.anaconda.org/conda-forge/noarch/filelock-3.18.0-pyhd8ed1ab_0.conda#4547b39256e296bb758166893e909a7c
https://conda.anaconda.org/conda-forge/noarch/iterative-telemetry-0.0.10-pyhd8ed1ab_0.conda#5e4a3e67670d8eb3c53e919b70ce0598
https://conda.anaconda.org/conda-forge/noarch/networkx-3.4.2-pyh267e887_2.conda#fd40bf7f7f4bc4b647dc8512053d9873
https://conda.anaconda.org/conda-forge/noarch/platformdirs-4.3.7-pyh29332c3_0.conda#e57da6fe54bb3a5556cf36d199ff07d8
https://conda.anaconda.org/conda-forge/osx-arm64/epoxy-1.5.10-h1c322ee_1.tar.bz2#20dd7359a6052120d52e1e13b4c818b9
https://conda.anaconda.org/conda-forge/osx-arm64/glib-tools-2.82.2-h1dc7a0c_1.conda#bdc35b7b75b7cd2bcfd288e399333f29
https://conda.anaconda.org/conda-forge/osx-arm64/gtk3-3.24.43-he7bb075_4.conda#a01d2dd60413e43f581445d1b2ed8d5d
https://conda.anaconda.org/conda-forge/osx-arm64/gts-0.7.6-he42f4ea_4.conda#21b4dd3098f63a74cf2aa9159cbef57d
https://conda.anaconda.org/conda-forge/osx-arm64/libgd-2.3.3-hb2c3a21_11.conda#4581aa3cfcd1a90967ed02d4a9f3db4b
https://conda.anaconda.org/conda-forge/osx-arm64/graphviz-12.2.1-hff64154_1.conda#b0b656550a16dfba7efa1479756c5b63
https://conda.anaconda.org/conda-forge/osx-arm64/pydot-3.0.4-py312h81bd7bf_0.conda#0ac88e19c9d768bfd792188b2b277a91
https://conda.anaconda.org/conda-forge/noarch/shtab-1.7.1-pyhd8ed1ab_1.conda#2456c2dd86c2bb4364b6a970ab324b70
https://conda.anaconda.org/conda-forge/noarch/tomlkit-0.13.2-pyha770c72_1.conda#1d9ab4fc875c52db83f9c9b40af4e2c8
https://conda.anaconda.org/conda-forge/noarch/zc.lockfile-3.0.post1-pyhd8ed1ab_1.conda#e73a33b3064c4b92d8446bfae9772753
https://conda.anaconda.org/conda-forge/noarch/dvc-3.59.1-pyhd8ed1ab_0.conda#5121cfa835377caed4bdb6fbec0c9d4a
https://conda.anaconda.org/conda-forge/noarch/s3fs-2025.3.0-pyhd8ed1ab_0.conda#01213585444a0b41b4cd4d9940ab1c4f
https://conda.anaconda.org/conda-forge/noarch/dvc-s3-3.2.0-pyhd8ed1ab_1.conda#522593097fda877399137ee3e9a55150
https://conda.anaconda.org/conda-forge/noarch/starlette-0.27.0-pyhd8ed1ab_0.conda#6facb6fc201d334257db8004439705d3
https://conda.anaconda.org/conda-forge/noarch/fastapi-0.103.0-pyhd8ed1ab_0.conda#c1db008f2554adcb1883d1e58c33529f
https://conda.anaconda.org/conda-forge/noarch/itsdangerous-2.2.0-pyhd8ed1ab_1.conda#7ac5f795c15f288984e32add616cdc59
https://conda.anaconda.org/conda-forge/noarch/jinja2-3.1.6-pyhd8ed1ab_0.conda#446bd6c8cb26050d528881df495ce646
https://conda.anaconda.org/conda-forge/noarch/werkzeug-3.1.3-pyhd8ed1ab_1.conda#0a9b57c159d56b508613cc39022c1b9e
https://conda.anaconda.org/conda-forge/noarch/flask-3.1.0-pyhd8ed1ab_1.conda#2da939620e3a741f61fc1cb136df66fb
https://conda.anaconda.org/conda-forge/noarch/munkres-1.1.4-pyh9f0ad1d_0.tar.bz2#2ba8498c1018c1e9c61eb99b973dfe19
https://conda.anaconda.org/conda-forge/osx-arm64/unicodedata2-16.0.0-py312hea69d52_0.conda#9a835052506b91ea8f0d8e352cd12246
https://conda.anaconda.org/conda-forge/osx-arm64/fonttools-4.56.0-py312h998013c_0.conda#a5cf7d0629863be81d90054882de908c
https://conda.anaconda.org/conda-forge/osx-arm64/gflags-2.2.2-hf9b8971_1005.conda#57a511a5905caa37540eb914dfcbf1fb
https://conda.anaconda.org/conda-forge/osx-arm64/perl-5.32.1-7_h4614cfb_perl5.conda#ba3cbe93f99e896765422cc5f7c3a79e
https://conda.anaconda.org/conda-forge/osx-arm64/git-2.49.0-pl5321hd71a902_0.conda#465d2f91648a3626ca62b02e551dec26
https://conda.anaconda.org/conda-forge/noarch/git-filter-repo-2.38.0-pyhd8ed1ab_1.conda#10ccafa3899550a75444cadc57e82ad5
https://conda.anaconda.org/conda-forge/osx-arm64/glog-0.7.1-heb240a5_0.conda#fef68d0a95aa5b84b5c1a4f6f3bf40e1
https://conda.anaconda.org/conda-forge/noarch/graphql-core-3.2.6-pyh29332c3_0.conda#dc604341f71b370f8a4a0a3b2996cd99
https://conda.anaconda.org/conda-forge/noarch/graphql-relay-3.2.0-pyhd8ed1ab_1.conda#154dbffd0db14585c9314bc771a87a6e
https://conda.anaconda.org/conda-forge/noarch/graphene-3.4.3-pyhd8ed1ab_1.conda#64be7816cf6074a3533c3f23ce2c316e
https://conda.anaconda.org/conda-forge/noarch/griffe-1.6.1-pyhd8ed1ab_0.conda#2958f843709632144d1f2570b833fc9e
https://conda.anaconda.org/conda-forge/osx-arm64/gunicorn-23.0.0-py312h81bd7bf_1.conda#cd31c876e1c5dd477d2c64f702e63096
https://conda.anaconda.org/conda-forge/noarch/h11-0.14.0-pyhd8ed1ab_1.conda#7ee49e89531c0dcbba9466f6d115d585
https://conda.anaconda.org/conda-forge/noarch/httpcore-1.0.7-pyh29332c3_1.conda#2ca8e6dbc86525c8b95e3c0ffa26442e
https://conda.anaconda.org/conda-forge/noarch/httpx-0.28.1-pyhd8ed1ab_0.conda#d6989ead454181f4f9bc987d3dc4e285
https://conda.anaconda.org/conda-forge/noarch/humanize-4.12.1-pyhd8ed1ab_0.conda#c82fe6d26f5de9e2517bb0490ad9e716
https://conda.anaconda.org/conda-forge/noarch/sortedcontainers-2.4.0-pyhd8ed1ab_1.conda#0401a17ae845fa72c7210e206ec5647d
https://conda.anaconda.org/conda-forge/noarch/intervaltree-3.1.0-pyhd8ed1ab_1.conda#e32bb5b0369e819c4dde653d4c4572f3
https://conda.anaconda.org/conda-forge/noarch/lsprotocol-2023.0.1-pyhd8ed1ab_1.conda#b18e46e02cfedac7a70cb063ab37b37c
https://conda.anaconda.org/conda-forge/noarch/pygls-1.3.1-pyhd8ed1ab_1.conda#d6f5edd64c90d2e875467e2e9cb93128
https://conda.anaconda.org/conda-forge/noarch/hydra-lsp-0.1.3-pyhd8ed1ab_0.conda#adf38c9aaa2fbc471213243aef629301
https://conda.anaconda.org/conda-forge/noarch/importlib_resources-6.4.5-pyhd8ed1ab_1.conda#15798fa69312d433af690c8c42b3fb36
https://conda.anaconda.org/conda-forge/noarch/isort-6.0.1-pyhd8ed1ab_0.conda#a8abfd3f223b1ecb8c699dca974933bd
https://conda.anaconda.org/conda-forge/noarch/jinja2-humanize-extension-0.4.0-pyhd8ed1ab_1.conda#2b6ca58776c9acbde08833f9d020a842
https://conda.anaconda.org/conda-forge/noarch/joblib-1.4.2-pyhd8ed1ab_1.conda#bf8243ee348f3a10a14ed0cae323e0c1
https://conda.anaconda.org/conda-forge/osx-arm64/jsonpointer-3.0.0-py312h81bd7bf_1.conda#80f403c03290e1662be03e026fb5f8ab
https://conda.anaconda.org/conda-forge/noarch/jsonpatch-1.33-pyhd8ed1ab_1.conda#cb60ae9cf02b9fcb8004dec4089e5691
https://conda.anaconda.org/conda-forge/osx-arm64/rpds-py-0.23.1-py312hd60eec9_0.conda#21bfb8afb20f48a6c60e83a2f01d7034
https://conda.anaconda.org/conda-forge/noarch/referencing-0.36.2-pyh29332c3_0.conda#9140f1c09dd5489549c6a33931b943c7
https://conda.anaconda.org/conda-forge/noarch/jsonschema-specifications-2024.10.1-pyhd8ed1ab_1.conda#3b519bc21bc80e60b456f1e62962a766
https://conda.anaconda.org/conda-forge/noarch/pkgutil-resolve-name-1.3.10-pyhd8ed1ab_2.conda#5a5870a74432aa332f7d32180633ad05
https://conda.anaconda.org/conda-forge/noarch/jsonschema-4.23.0-pyhd8ed1ab_1.conda#a3cead9264b331b32fe8f0aabc967522
https://conda.anaconda.org/conda-forge/noarch/text-unidecode-1.3-pyhd8ed1ab_2.conda#23b4ba5619c4752976eb7ba1f5acb7e8
https://conda.anaconda.org/conda-forge/noarch/python-slugify-8.0.4-pyhd8ed1ab_1.conda#a4059bc12930bddeb41aef71537ffaed
https://conda.anaconda.org/conda-forge/noarch/kaggle-1.6.17-pyhd8ed1ab_1.conda#ac7f5e87edd1cd84fa3b09cc77c4a468
https://conda.anaconda.org/conda-forge/osx-arm64/kiwisolver-1.4.8-py312h2c4a281_0.conda#a94f3ac940c391e7716b6ffd332d7463
https://conda.anaconda.org/conda-forge/osx-arm64/lcms2-2.17-h7eeda09_0.conda#92a61fd30b19ebd5c1621a5bfe6d8b5f
https://conda.anaconda.org/conda-forge/osx-arm64/libabseil-20250127.1-cxx17_h07bc746_0.conda#26aabb99a8c2806d8f617fd135f2fc6f
https://conda.anaconda.org/conda-forge/osx-arm64/libprotobuf-5.29.3-hccd9074_0.conda#243704f59b7c09aab5b3070538026c92
https://conda.anaconda.org/conda-forge/osx-arm64/libre2-11-2024.07.02-hd41c47c_3.conda#1466284c71c62f7a9c4fa08ed8940f20
https://conda.anaconda.org/conda-forge/osx-arm64/re2-2024.07.02-h6589ca4_3.conda#d4e82bd66b71c29da35e1f634548e039
https://conda.anaconda.org/conda-forge/osx-arm64/libgrpc-1.71.0-hf667ad3_0.conda#4c0d9b0ade1b4e01ee5a37c00cdb538d
https://conda.anaconda.org/conda-forge/osx-arm64/libgoogle-cloud-2.36.0-h9484b08_1.conda#c3d4e6a0aee35d92c99b25bb6fb617eb
https://conda.anaconda.org/conda-forge/osx-arm64/libcrc32c-1.1.2-hbdafb3b_0.tar.bz2#32bd82a6a625ea6ce090a81c3d34edeb
https://conda.anaconda.org/conda-forge/osx-arm64/libgoogle-cloud-storage-2.36.0-h7081f7f_1.conda#d363a9e8d601aace65af282870a40a09
https://conda.anaconda.org/conda-forge/osx-arm64/libopentelemetry-cpp-headers-1.19.0-hce30654_0.conda#1bfbfd562ac8258c9f01b71af57f47b3
https://conda.anaconda.org/conda-forge/osx-arm64/nlohmann_json-3.11.3-h00cdb27_1.conda#d2dee849c806430eee64d3acc98ce090
https://conda.anaconda.org/conda-forge/osx-arm64/zlib-1.3.1-h8359307_2.conda#e3170d898ca6cb48f1bb567afb92f775
https://conda.anaconda.org/conda-forge/osx-arm64/prometheus-cpp-1.3.0-h0967b3e_0.conda#7172339b49c94275ba42fec3eaeda34f
https://conda.anaconda.org/conda-forge/osx-arm64/libopentelemetry-cpp-1.19.0-h0181452_0.conda#d972b2adb1bcb9d590e18a95809994a4
https://conda.anaconda.org/conda-forge/osx-arm64/libutf8proc-2.10.0-hda25de7_0.conda#5f741aed1d8d393586a5fdcaaa87f45c
https://conda.anaconda.org/conda-forge/osx-arm64/lz4-c-1.10.0-h286801f_1.conda#01511afc6cc1909c5303cf31be17b44f
https://conda.anaconda.org/conda-forge/osx-arm64/snappy-1.2.1-h98b9ce2_1.conda#ded86dee325290da2967a3fea3800eb5
https://conda.anaconda.org/conda-forge/osx-arm64/orc-2.1.1-hd90e43c_1.conda#c021648f89082b32d4be335af53b40a2
https://conda.anaconda.org/conda-forge/osx-arm64/libarrow-19.0.1-h75a50e1_5_cpu.conda#fcbb5e0c789f72824a637031b179d4c1
https://conda.anaconda.org/conda-forge/osx-arm64/libarrow-acero-19.0.1-hf07054f_5_cpu.conda#d80f27426ead44cf0af06cf769a77535
https://conda.anaconda.org/conda-forge/osx-arm64/libevent-2.1.12-h2757513_1.conda#1a109764bff3bdc7bdd84088347d71dc
https://conda.anaconda.org/conda-forge/osx-arm64/libthrift-0.21.0-h64651cc_0.conda#7ce2bd2f650f8c31ad7ba4c7bfea61b7
https://conda.anaconda.org/conda-forge/osx-arm64/libparquet-19.0.1-h636d7b7_5_cpu.conda#ed65a27ee32d114c10b138ec4752b278
https://conda.anaconda.org/conda-forge/osx-arm64/libarrow-dataset-19.0.1-hf07054f_5_cpu.conda#2593649b505b70c35df145e0a9865f8b
https://conda.anaconda.org/conda-forge/osx-arm64/libarrow-substrait-19.0.1-he749cb8_5_cpu.conda#242106d82af7baa27487efeab307e366
https://conda.anaconda.org/conda-forge/osx-arm64/libuv-1.50.0-h5505292_0.conda#20717343fb30798ab7c23c2e92b748c1
https://conda.anaconda.org/conda-forge/osx-arm64/pthread-stubs-0.4-hd74edd7_1002.conda#415816daf82e0b23a736a069a75e9da7
https://conda.anaconda.org/conda-forge/osx-arm64/xorg-libxau-1.0.12-h5505292_0.conda#50901e0764b7701d8ed7343496f4f301
https://conda.anaconda.org/conda-forge/osx-arm64/xorg-libxdmcp-1.1.5-hd74edd7_0.conda#77c447f48cab5d3a15ac224edb86a968
https://conda.anaconda.org/conda-forge/osx-arm64/libxcb-1.17.0-hdb1d25a_0.conda#af523aae2eca6dfa1c8eec693f5b9a79
https://conda.anaconda.org/conda-forge/osx-arm64/openjpeg-2.5.3-h8a3d83b_0.conda#4b71d78648dbcf68ce8bf22bb07ff838
https://conda.anaconda.org/conda-forge/osx-arm64/pillow-11.1.0-py312h50aef2c_0.conda#94d6ba8cd468668a9fb04193b0f4b36e
https://conda.anaconda.org/conda-forge/osx-arm64/qhull-2020.2-h420ef59_5.conda#6483b1f59526e05d7d894e466b5b6924
https://conda.anaconda.org/conda-forge/osx-arm64/matplotlib-base-3.10.1-py312hdbc7e53_0.conda#81e256fa3f734686f049a8cdb930887f
https://conda.anaconda.org/conda-forge/noarch/mccabe-0.7.0-pyhd8ed1ab_1.conda#827064ddfe0de2917fb29f1da4f8f533
https://conda.anaconda.org/conda-forge/noarch/opentelemetry-api-1.31.0-pyhd8ed1ab_0.conda#099f6014410393595ed6c4b6dc2ec523
https://conda.anaconda.org/conda-forge/noarch/opentelemetry-semantic-conventions-0.52b0-pyh3cfb1c2_0.conda#16b281a82013736bf5fcc46db5950e45
https://conda.anaconda.org/conda-forge/noarch/opentelemetry-sdk-1.31.0-pyhd8ed1ab_0.conda#9283d8b524381bbbc04e83d38009c4e2
https://conda.anaconda.org/conda-forge/osx-arm64/protobuf-5.29.3-py312hbb633d4_0.conda#35cdff74fe24867041f8e87d3a62b764
https://conda.anaconda.org/conda-forge/noarch/sqlparse-0.5.3-pyhd8ed1ab_0.conda#79d600bf8cce63e3d15579e83380c3fb
https://conda.anaconda.org/conda-forge/noarch/uvicorn-0.34.0-pyh31011fe_0.conda#5d448feee86e4740498ec8f8eb40e052
https://conda.anaconda.org/conda-forge/osx-arm64/mlflow-skinny-2.21.0-py312h81bd7bf_1.conda#1cb081eb2332ccc834d4eff69edd517b
https://conda.anaconda.org/conda-forge/noarch/querystring_parser-1.2.4-pyhd8ed1ab_2.conda#57962900dda3df6b61e545023469c930
https://conda.anaconda.org/conda-forge/osx-arm64/mlflow-ui-2.21.0-py312h81bd7bf_1.conda#75980b1ed30538790624bd54d2edad4f
https://conda.anaconda.org/conda-forge/osx-arm64/pandas-2.2.3-py312hcd31e36_1.conda#c68bfa69e6086c381c74e16fd72613a8
https://conda.anaconda.org/conda-forge/noarch/prometheus_client-0.21.1-pyhd8ed1ab_0.conda#3e01e386307acc60b2f89af0b2e161aa
https://conda.anaconda.org/conda-forge/noarch/prometheus_flask_exporter-0.23.2-pyhd8ed1ab_0.conda#9a3090bbdda5cb17e0181bee26672b08
https://conda.anaconda.org/conda-forge/osx-arm64/pyarrow-core-19.0.1-py312hc40f475_0_cpu.conda#90e3c0898e229d76e4a6949f621f0f58
https://conda.anaconda.org/conda-forge/osx-arm64/pyarrow-19.0.1-py312h1f38498_0.conda#4bbcfad0bfcad7ee1d617a9b6db564ee
https://conda.anaconda.org/conda-forge/osx-arm64/scipy-1.15.2-py312h99a188d_0.conda#b1d324bf5018b451152bbdc4ffd3d378
https://conda.anaconda.org/conda-forge/noarch/threadpoolctl-3.6.0-pyhecae5ae_0.conda#9d64911b31d57ca443e9f1e36b04385f
https://conda.anaconda.org/conda-forge/osx-arm64/scikit-learn-1.6.1-py312h39203ce_0.conda#3d38707ed1991a65dd165c5460d7f3a2
https://conda.anaconda.org/conda-forge/osx-arm64/mlflow-2.21.0-py312h81bd7bf_1.conda#f8f0d18c581380bb391b9ab7f7b6b132
https://conda.anaconda.org/conda-forge/noarch/mypy_extensions-1.0.0-pyha770c72_1.conda#29097e7ea634a45cc5386b95cac6568f
https://conda.anaconda.org/conda-forge/osx-arm64/mypy-1.15.0-py312hea69d52_0.conda#909034322685579577b1bbb9b47e39e1
https://conda.anaconda.org/conda-forge/noarch/nodeenv-1.9.1-pyhd8ed1ab_1.conda#7ba3f09fceae6a120d664217e58fe686
https://conda.anaconda.org/conda-forge/osx-arm64/nodejs-22.13.0-h499053a_0.conda#ed7fd46008073d97f1765d9bfa704338
https://conda.anaconda.org/conda-forge/noarch/optuna-4.2.0-pyhd8ed1ab_0.conda#a65dfde93d8bd27147f38234f39eb853
https://conda.anaconda.org/conda-forge/osx-arm64/pandoc-3.6.4-hce30654_0.conda#997bdef39cea11cc12e1a95c903b329f
https://conda.anaconda.org/conda-forge/noarch/pytzdata-2020.1-pyhd8ed1ab_1.conda#a99b8253e4d7d5b5717f781309492da3
https://conda.anaconda.org/conda-forge/osx-arm64/pendulum-2.1.2-py312h02f2b3b_6.conda#97c585ec65a3d48c0d01dabde914dcbd
https://conda.anaconda.org/conda-forge/noarch/wheel-0.45.1-pyhd8ed1ab_1.conda#75cb7132eb58d97896e173ef12ac9986
https://conda.anaconda.org/conda-forge/noarch/pip-25.0.1-pyh8b19718_0.conda#79b5c1440aedc5010f687048d9103628
https://conda.anaconda.org/conda-forge/noarch/python-graphviz-0.20.3-pyh91182bf_2.conda#f822f0e13849c2283f72ec4aa120eeaa
https://conda.anaconda.org/conda-forge/noarch/python-kubernetes-31.0.0-pyhd8ed1ab_1.conda#991440db633368df020726240ca69f01
https://conda.anaconda.org/conda-forge/noarch/python-multipart-0.0.20-pyhff2d567_0.conda#a28c984e0429aff3ab7386f7de56de6f
https://conda.anaconda.org/conda-forge/noarch/readchar-4.2.0-pyhd8ed1ab_1.conda#03476f20cbb666a090074d37e4c3faa9
https://conda.anaconda.org/conda-forge/noarch/toml-0.10.2-pyhd8ed1ab_1.conda#b0dd904de08b7db706167240bf37b164
https://conda.anaconda.org/conda-forge/osx-arm64/ujson-5.10.0-py312hde4cb15_1.conda#e0f2dfba17ab64ec0724f821584b1ea3
https://conda.anaconda.org/conda-forge/osx-arm64/websockets-13.1-py312h024a12e_0.conda#fc2912e966527b1b2cc7a28c58e7b468
https://conda.anaconda.org/conda-forge/noarch/prefect-2.20.16-pyhd8ed1ab_0.conda#1725ade138189827b44f1e98de46e61f
https://conda.anaconda.org/conda-forge/noarch/tomli-2.2.1-pyhd8ed1ab_1.conda#ac944244f1fed2eb49bae07193ae8215
https://conda.anaconda.org/conda-forge/noarch/pylint-3.3.5-pyh29332c3_0.conda#639f1e50fb98d4a463aed89be112c932
https://conda.anaconda.org/conda-forge/noarch/pypandoc-1.15-pyhd8ed1ab_0.conda#64de82b0f6683961bc0435b07dc10e10
https://conda.anaconda.org/conda-forge/osx-arm64/pyright-1.1.397-py312hea69d52_0.conda#e91b335ea60ca034c5783559642de6ca
https://conda.anaconda.org/conda-forge/noarch/python-dotenv-1.1.0-pyh29332c3_1.conda#27d816c6981a8d50090537b761de80f4
https://conda.anaconda.org/conda-forge/osx-arm64/ruff-0.11.1-py312h31a5b27_0.conda#cd9f29dbf5fe6f137a9e2470ca33069f
